
Microsoft Visual Studio Solution File, Format Version 12.00
# Visual Studio Version 16
VisualStudioVersion = 16.0.29709.97
MinimumVisualStudioVersion = 10.0.40219.1
Project("{FAE04EC0-301F-11D3-BF4B-00C04F79EFBC}") = "GalleryExplorer", "GalleryExplorer\GalleryExplorer.csproj", "{3BD47C3B-62E1-4BF1-8CB5-B534814A9480}"
EndProject
Project("{9A19103F-16F7-4668-BE54-9A1E7A4F7556}") = "GalleryArchive", "GalleryArchive\GalleryArchive.csproj", "{6ABC962D-A4D3-477B-9CB4-95C21A1B5909}"
EndProject
Project("{FAE04EC0-301F-11D3-BF4B-00C04F79EFBC}") = "gall-archive", "gall-archive\gall-archive.csproj", "{54249507-55AC-4A90-A268-6381DF6DFC69}"
EndProject
Project("{FAE04EC0-301F-11D3-BF4B-00C04F79EFBC}") = "gall-archive-zip", "gall-archive-zip\gall-archive-zip.csproj", "{C3217EF3-0D66-4C8A-ABB5-6ED8F1167840}"
EndProject
Global
	GlobalSection(SolutionConfigurationPlatforms) = preSolution
		Debug|Any CPU = Debug|Any CPU
		Debug|x64 = Debug|x64
		Release|Any CPU = Release|Any CPU
		Release|x64 = Release|x64
	EndGlobalSection
	GlobalSection(ProjectConfigurationPlatforms) = postSolution
		{3BD47C3B-62E1-4BF1-8CB5-B534814A9480}.Debug|Any CPU.ActiveCfg = Debug|Any CPU
		{3BD47C3B-62E1-4BF1-8CB5-B534814A9480}.Debug|Any CPU.Build.0 = Debug|Any CPU
		{3BD47C3B-62E1-4BF1-8CB5-B534814A9480}.Debug|x64.ActiveCfg = Debug|x64
		{3BD47C3B-62E1-4BF1-8CB5-B534814A9480}.Debug|x64.Build.0 = Debug|x64
		{3BD47C3B-62E1-4BF1-8CB5-B534814A9480}.Release|Any CPU.ActiveCfg = Release|Any CPU
		{3BD47C3B-62E1-4BF1-8CB5-B534814A9480}.Release|Any CPU.Build.0 = Release|Any CPU
		{3BD47C3B-62E1-4BF1-8CB5-B534814A9480}.Release|x64.ActiveCfg = Release|x64
		{3BD47C3B-62E1-4BF1-8CB5-B534814A9480}.Release|x64.Build.0 = Release|x64
		{6ABC962D-A4D3-477B-9CB4-95C21A1B5909}.Debug|Any CPU.ActiveCfg = Debug|Any CPU
		{6ABC962D-A4D3-477B-9CB4-95C21A1B5909}.Debug|Any CPU.Build.0 = Debug|Any CPU
		{6ABC962D-A4D3-477B-9CB4-95C21A1B5909}.Debug|x64.ActiveCfg = Debug|Any CPU
		{6ABC962D-A4D3-477B-9CB4-95C21A1B5909}.Debug|x64.Build.0 = Debug|Any CPU
		{6ABC962D-A4D3-477B-9CB4-95C21A1B5909}.Release|Any CPU.ActiveCfg = Release|Any CPU
		{6ABC962D-A4D3-477B-9CB4-95C21A1B5909}.Release|Any CPU.Build.0 = Release|Any CPU
		{6ABC962D-A4D3-477B-9CB4-95C21A1B5909}.Release|x64.ActiveCfg = Release|Any CPU
		{6ABC962D-A4D3-477B-9CB4-95C21A1B5909}.Release|x64.Build.0 = Release|Any CPU
		{54249507-55AC-4A90-A268-6381DF6DFC69}.Debug|Any CPU.ActiveCfg = Debug|Any CPU
		{54249507-55AC-4A90-A268-6381DF6DFC69}.Debug|Any CPU.Build.0 = Debug|Any CPU
		{54249507-55AC-4A90-A268-6381DF6DFC69}.Debug|x64.ActiveCfg = Debug|Any CPU
		{54249507-55AC-4A90-A268-6381DF6DFC69}.Debug|x64.Build.0 = Debug|Any CPU
		{54249507-55AC-4A90-A268-6381DF6DFC69}.Release|Any CPU.ActiveCfg = Release|Any CPU
		{54249507-55AC-4A90-A268-6381DF6DFC69}.Release|Any CPU.Build.0 = Release|Any CPU
		{54249507-55AC-4A90-A268-6381DF6DFC69}.Release|x64.ActiveCfg = Release|Any CPU
		{54249507-55AC-4A90-A268-6381DF6DFC69}.Release|x64.Build.0 = Release|Any CPU
		{C3217EF3-0D66-4C8A-ABB5-6ED8F1167840}.Debug|Any CPU.ActiveCfg = Debug|Any CPU
		{C3217EF3-0D66-4C8A-ABB5-6ED8F1167840}.Debug|Any CPU.Build.0 = Debug|Any CPU
		{C3217EF3-0D66-4C8A-ABB5-6ED8F1167840}.Debug|x64.ActiveCfg = Debug|Any CPU
		{C3217EF3-0D66-4C8A-ABB5-6ED8F1167840}.Debug|x64.Build.0 = Debug|Any CPU
		{C3217EF3-0D66-4C8A-ABB5-6ED8F1167840}.Release|Any CPU.ActiveCfg = Release|Any CPU
		{C3217EF3-0D66-4C8A-ABB5-6ED8F1167840}.Release|Any CPU.Build.0 = Release|Any CPU
		{C3217EF3-0D66-4C8A-ABB5-6ED8F1167840}.Release|x64.ActiveCfg = Release|Any CPU
		{C3217EF3-0D66-4C8A-ABB5-6ED8F1167840}.Release|x64.Build.0 = Release|Any CPU
	EndGlobalSection
	GlobalSection(SolutionProperties) = preSolution
		HideSolutionNode = FALSE
	EndGlobalSection
	GlobalSection(ExtensibilityGlobals) = postSolution
		SolutionGuid = {3570120E-810C-4B1F-BBC5-E7C9CD87DD12}
	EndGlobalSection
EndGlobal
